
Microsoft Visual Studio Solution File, Format Version 12.00
# Visual Studio Version 16
VisualStudioVersion = 16.0.32002.261
MinimumVisualStudioVersion = 10.0.40219.1
Project("{FAE04EC0-301F-11D3-BF4B-00C04F79EFBC}") = "WebApplication2", "WebApplication2\WebApplication2.csproj", "{2960BCC0-BE09-4F52-93CE-0C8F4937EAEB}"
EndProject
Project("{FAE04EC0-301F-11D3-BF4B-00C04F79EFBC}") = "DAL", "DAL\DAL.csproj", "{0C133B17-33F2-449F-8301-42E79B45351E}"
EndProject
Global
	GlobalSection(SolutionConfigurationPlatforms) = preSolution
		Debug|Any CPU = Debug|Any CPU
		Release|Any CPU = Release|Any CPU
	EndGlobalSection
	GlobalSection(ProjectConfigurationPlatforms) = postSolution
		{2960BCC0-BE09-4F52-93CE-0C8F4937EAEB}.Debug|Any CPU.ActiveCfg = Debug|Any CPU
		{2960BCC0-BE09-4F52-93CE-0C8F4937EAEB}.Debug|Any CPU.Build.0 = Debug|Any CPU
		{2960BCC0-BE09-4F52-93CE-0C8F4937EAEB}.Release|Any CPU.ActiveCfg = Release|Any CPU
		{2960BCC0-BE09-4F52-93CE-0C8F4937EAEB}.Release|Any CPU.Build.0 = Release|Any CPU
		{0C133B17-33F2-449F-8301-42E79B45351E}.Debug|Any CPU.ActiveCfg = Debug|Any CPU
		{0C133B17-33F2-449F-8301-42E79B45351E}.Debug|Any CPU.Build.0 = Debug|Any CPU
		{0C133B17-33F2-449F-8301-42E79B45351E}.Release|Any CPU.ActiveCfg = Release|Any CPU
		{0C133B17-33F2-449F-8301-42E79B45351E}.Release|Any CPU.Build.0 = Release|Any CPU
	EndGlobalSection
	GlobalSection(SolutionProperties) = preSolution
		HideSolutionNode = FALSE
	EndGlobalSection
	GlobalSection(ExtensibilityGlobals) = postSolution
		SolutionGuid = {F3CF197B-F36B-448B-A123-57D7187AFD41}
	EndGlobalSection
EndGlobal
